# This file is automatically @generated by Cargo.
# It is not intended for manual editing.
version = 4

[[package]]
name = "prover-risc0"
version = "0.1.0"
dependencies = [
 "vir-types",
]

[[package]]
name = "prover-sp1"
version = "0.1.0"
dependencies = [
 "vir-types",
]

[[package]]
name = "vir-codec"
version = "0.1.0"
dependencies = [
 "vir-types",
]

[[package]]
name = "vir-conformance"
version = "0.1.0"
dependencies = [
 "vir-codec",
 "vir-runtime",
 "vir-types",
]

[[package]]
name = "vir-runtime"
version = "0.1.0"
dependencies = [
 "vir-codec",
 "vir-types",
]

[[package]]
name = "vir-types"
version = "0.1.0"
